
Microsoft Visual Studio Solution File, Format Version 11.00
# Visual Studio 2010
Project("{FAE04EC0-301F-11D3-BF4B-00C04F79EFBC}") = "Spotify", "Spotify.csproj", "{BAC30FA5-8004-432E-AF87-CF25D727ACFF}"
EndProject
Global
	GlobalSection(SolutionConfigurationPlatforms) = preSolution
		Debug|Any CPU = Debug|Any CPU
		Release|Any CPU = Release|Any CPU
	EndGlobalSection
	GlobalSection(ProjectConfigurationPlatforms) = postSolution
		{BAC30FA5-8004-432E-AF87-CF25D727ACFF}.Debug|Any CPU.ActiveCfg = Debug|Any CPU
		{BAC30FA5-8004-432E-AF87-CF25D727ACFF}.Debug|Any CPU.Build.0 = Debug|Any CPU
		{BAC30FA5-8004-432E-AF87-CF25D727ACFF}.Release|Any CPU.ActiveCfg = Release|Any CPU
		{BAC30FA5-8004-432E-AF87-CF25D727ACFF}.Release|Any CPU.Build.0 = Release|Any CPU
	EndGlobalSection
	GlobalSection(SolutionProperties) = preSolution
		HideSolutionNode = FALSE
	EndGlobalSection
EndGlobal
